
Microsoft Visual Studio Solution File, Format Version 12.00
# Visual Studio 15
VisualStudioVersion = 15.0.26730.3
MinimumVisualStudioVersion = 10.0.40219.1
Project("{FAE04EC0-301F-11D3-BF4B-00C04F79EFBC}") = "v1336", "v1336.csproj", "{7050DF88-B18B-4BED-B59C-5766CA35480A}"
EndProject
Global
	GlobalSection(SolutionConfigurationPlatforms) = preSolution
		Debug|Any CPU = Debug|Any CPU
		Release|Any CPU = Release|Any CPU
	EndGlobalSection
	GlobalSection(ProjectConfigurationPlatforms) = postSolution
		{7050DF88-B18B-4BED-B59C-5766CA35480A}.Debug|Any CPU.ActiveCfg = Debug|Any CPU
		{7050DF88-B18B-4BED-B59C-5766CA35480A}.Debug|Any CPU.Build.0 = Debug|Any CPU
		{7050DF88-B18B-4BED-B59C-5766CA35480A}.Release|Any CPU.ActiveCfg = Release|Any CPU
		{7050DF88-B18B-4BED-B59C-5766CA35480A}.Release|Any CPU.Build.0 = Release|Any CPU
	EndGlobalSection
	GlobalSection(SolutionProperties) = preSolution
		HideSolutionNode = FALSE
	EndGlobalSection
	GlobalSection(ExtensibilityGlobals) = postSolution
		SolutionGuid = {DEBAE96F-675D-4351-B1A3-70A47C748730}
	EndGlobalSection
EndGlobal
